
Microsoft Visual Studio Solution File, Format Version 12.00
# Visual Studio 15
VisualStudioVersion = 15.0.28307.438
MinimumVisualStudioVersion = 10.0.40219.1
Project("{FAE04EC0-301F-11D3-BF4B-00C04F79EFBC}") = "FixedPointApiTest", "FixedPointApiTest\FixedPointApiTest.csproj", "{CD71275E-7E8C-43DE-94C8-289309A8187D}"
EndProject
Project("{9A19103F-16F7-4668-BE54-9A1E7A4F7556}") = "FixedPoint", "FixedPoint\FixedPoint.csproj", "{14326497-EBE5-4E68-BB9E-919C3B12D9ED}"
EndProject
Project("{FAE04EC0-301F-11D3-BF4B-00C04F79EFBC}") = "FixedPointUnitTest", "FixedPointUnitTest\FixedPointUnitTest.csproj", "{805B6FC8-0385-4814-8D8A-B696A8B22E3C}"
EndProject
Project("{FAE04EC0-301F-11D3-BF4B-00C04F79EFBC}") = "FixedPointBenchmark", "FixedPointBenchmark\FixedPointBenchmark.csproj", "{F13FFB90-7DEA-4EC0-BEC8-87447E17B9C0}"
EndProject
Project("{2150E333-8FDC-42A3-9474-1A3956D46DE8}") = "Solution Items", "Solution Items", "{83D39FAF-62E3-45FB-8069-67C00CBA3B06}"
	ProjectSection(SolutionItems) = preProject
		Notes.md = Notes.md
		README.md = README.md
	EndProjectSection
EndProject
Global
	GlobalSection(SolutionConfigurationPlatforms) = preSolution
		Debug|Any CPU = Debug|Any CPU
		Release|Any CPU = Release|Any CPU
	EndGlobalSection
	GlobalSection(ProjectConfigurationPlatforms) = postSolution
		{CD71275E-7E8C-43DE-94C8-289309A8187D}.Debug|Any CPU.ActiveCfg = Debug|Any CPU
		{CD71275E-7E8C-43DE-94C8-289309A8187D}.Debug|Any CPU.Build.0 = Debug|Any CPU
		{CD71275E-7E8C-43DE-94C8-289309A8187D}.Release|Any CPU.ActiveCfg = Release|Any CPU
		{CD71275E-7E8C-43DE-94C8-289309A8187D}.Release|Any CPU.Build.0 = Release|Any CPU
		{14326497-EBE5-4E68-BB9E-919C3B12D9ED}.Debug|Any CPU.ActiveCfg = Debug|Any CPU
		{14326497-EBE5-4E68-BB9E-919C3B12D9ED}.Debug|Any CPU.Build.0 = Debug|Any CPU
		{14326497-EBE5-4E68-BB9E-919C3B12D9ED}.Release|Any CPU.ActiveCfg = Release|Any CPU
		{14326497-EBE5-4E68-BB9E-919C3B12D9ED}.Release|Any CPU.Build.0 = Release|Any CPU
		{805B6FC8-0385-4814-8D8A-B696A8B22E3C}.Debug|Any CPU.ActiveCfg = Debug|Any CPU
		{805B6FC8-0385-4814-8D8A-B696A8B22E3C}.Debug|Any CPU.Build.0 = Debug|Any CPU
		{805B6FC8-0385-4814-8D8A-B696A8B22E3C}.Release|Any CPU.ActiveCfg = Release|Any CPU
		{805B6FC8-0385-4814-8D8A-B696A8B22E3C}.Release|Any CPU.Build.0 = Release|Any CPU
		{F13FFB90-7DEA-4EC0-BEC8-87447E17B9C0}.Debug|Any CPU.ActiveCfg = Debug|Any CPU
		{F13FFB90-7DEA-4EC0-BEC8-87447E17B9C0}.Debug|Any CPU.Build.0 = Debug|Any CPU
		{F13FFB90-7DEA-4EC0-BEC8-87447E17B9C0}.Release|Any CPU.ActiveCfg = Release|Any CPU
		{F13FFB90-7DEA-4EC0-BEC8-87447E17B9C0}.Release|Any CPU.Build.0 = Release|Any CPU
	EndGlobalSection
	GlobalSection(SolutionProperties) = preSolution
		HideSolutionNode = FALSE
	EndGlobalSection
	GlobalSection(ExtensibilityGlobals) = postSolution
		SolutionGuid = {EC40BCE7-E6FB-45BD-A93F-48F77F65F34A}
	EndGlobalSection
EndGlobal
